{
	"name": "emojispace",
	"version": "1.0.0",
	"lockfileVersion": 1,
	"requires": true,
	"dependencies": {
		"emojis-keywords": {
			"version": "2.0.0",
			"resolved": "https://registry.npmjs.org/emojis-keywords/-/emojis-keywords-2.0.0.tgz",
			"integrity": "sha1-nUKpFs7IhxDasjHN33hMfRoeNAk="
		}
	}
}
